id: lte_rs_map_generator_m
label: rs_map_generator_m
category: '[Lte]'
templates:
  imports: from gnuradio import lte
  make: lte.rs_map_generator_m(${msg_buf_name_in}, ${msg_buf_name_out}, ${N_rb_dl}, ${ant_port}, ${name})
parameters:
- id: N_rb_dl
  dtype: int
  name: resource blocks
- id: ant_port
  dtype: int
  name: antenna port
inputs:
- domain: message
  id: cell_id
outputs:
- domain: message
  id: pilots
file_format: 1

