id: lte_bch_viterbi_vfvb
label: BCH Viterbi
category: '[Lte]'
templates:
  imports: from gnuradio import lte
  make: lte.lte_bch_viterbi_vfvb(${key})
parameters:
- id: key
  label: tag key
  dtype: string
inputs:
- label: in
  domain: stream
  dtype: float
  vlen: '120'
outputs:
- label: out
  domain: stream
  dtype: byte
  vlen: '40'
file_format: 1
