id: lte_pss_tagger_cc
label: pss tagger cc
category: '[Lte]'
templates:
  imports: from gnuradio import lte
  make: lte.pss_tagger_cc(${fftl}, ${name})
parameters:
- id: fftl
  label: Fftl
  dtype: int
- id: name
  label: Name
  dtype: string
inputs:
- label: in
  domain: stream
  dtype: complex
  multiplicity: '1'  
- domain: message
  id: lock
- domain: message
  id: half_frame
- domain: message
  id: N_id_2
outputs:
- label: out
  domain: stream
  dtype: complex
  multiplicity: '1'
file_format: 1
